
Microsoft Visual Studio Solution File, Format Version 12.00
# Visual Studio 15
VisualStudioVersion = 15.0.28307.645
MinimumVisualStudioVersion = 10.0.40219.1
Project("{FAE04EC0-301F-11D3-BF4B-00C04F79EFBC}") = "HRMS", "HRMS\HRMS.csproj", "{3E96B898-8C2B-4009-BEE2-37E2C27CF158}"
EndProject
Project("{FAE04EC0-301F-11D3-BF4B-00C04F79EFBC}") = "DAL", "DAL\DAL.csproj", "{D0E265B5-9CB2-4C44-8C01-22CC687DED9C}"
EndProject
Project("{FAE04EC0-301F-11D3-BF4B-00C04F79EFBC}") = "Models", "Models\Models.csproj", "{B7E828C4-9DC5-4FDE-B3CE-8EE42C8F1E55}"
EndProject
Global
	GlobalSection(SolutionConfigurationPlatforms) = preSolution
		Debug|Any CPU = Debug|Any CPU
		Release|Any CPU = Release|Any CPU
	EndGlobalSection
	GlobalSection(ProjectConfigurationPlatforms) = postSolution
		{3E96B898-8C2B-4009-BEE2-37E2C27CF158}.Debug|Any CPU.ActiveCfg = Debug|Any CPU
		{3E96B898-8C2B-4009-BEE2-37E2C27CF158}.Debug|Any CPU.Build.0 = Debug|Any CPU
		{3E96B898-8C2B-4009-BEE2-37E2C27CF158}.Release|Any CPU.ActiveCfg = Release|Any CPU
		{3E96B898-8C2B-4009-BEE2-37E2C27CF158}.Release|Any CPU.Build.0 = Release|Any CPU
		{D0E265B5-9CB2-4C44-8C01-22CC687DED9C}.Debug|Any CPU.ActiveCfg = Debug|Any CPU
		{D0E265B5-9CB2-4C44-8C01-22CC687DED9C}.Debug|Any CPU.Build.0 = Debug|Any CPU
		{D0E265B5-9CB2-4C44-8C01-22CC687DED9C}.Release|Any CPU.ActiveCfg = Release|Any CPU
		{D0E265B5-9CB2-4C44-8C01-22CC687DED9C}.Release|Any CPU.Build.0 = Release|Any CPU
		{B7E828C4-9DC5-4FDE-B3CE-8EE42C8F1E55}.Debug|Any CPU.ActiveCfg = Debug|Any CPU
		{B7E828C4-9DC5-4FDE-B3CE-8EE42C8F1E55}.Debug|Any CPU.Build.0 = Debug|Any CPU
		{B7E828C4-9DC5-4FDE-B3CE-8EE42C8F1E55}.Release|Any CPU.ActiveCfg = Release|Any CPU
		{B7E828C4-9DC5-4FDE-B3CE-8EE42C8F1E55}.Release|Any CPU.Build.0 = Release|Any CPU
	EndGlobalSection
	GlobalSection(SolutionProperties) = preSolution
		HideSolutionNode = FALSE
	EndGlobalSection
	GlobalSection(ExtensibilityGlobals) = postSolution
		SolutionGuid = {E206B004-7814-4108-BE46-B3FE5EC19329}
	EndGlobalSection
EndGlobal
